
Microsoft Visual Studio Solution File, Format Version 12.00
# Visual Studio Version 16
VisualStudioVersion = 16.0.31112.23
MinimumVisualStudioVersion = 10.0.40219.1
Project("{2150E333-8FDC-42A3-9474-1A3956D46DE8}") = "Tests", "Tests", "{99A3D888-ADF8-4106-99E0-C81D3744E513}"
EndProject
Project("{FAE04EC0-301F-11D3-BF4B-00C04F79EFBC}") = "Tangram.Tests.Integration", "Tangram.Tests.Integration\Tangram.Tests.Integration.csproj", "{B8DE764A-C9C2-49EB-AC67-0D336089AFDC}"
EndProject
Project("{FAE04EC0-301F-11D3-BF4B-00C04F79EFBC}") = "Tangram", "Tangram\Tangram.csproj", "{89AD5795-CF7C-456F-B47F-7ED87E5FB565}"
EndProject
Project("{FAE04EC0-301F-11D3-BF4B-00C04F79EFBC}") = "Tangram.Json", "Tangram.Json\Tangram.Json.csproj", "{58C6CB93-1099-410A-9FD5-C2961EDF5CD5}"
EndProject
Project("{FAE04EC0-301F-11D3-BF4B-00C04F79EFBC}") = "Tangram.Redis", "Tangram.Redis\Tangram.Redis.csproj", "{2D016C90-7C77-4D5A-BDE8-594111D719F7}"
EndProject
Project("{FAE04EC0-301F-11D3-BF4B-00C04F79EFBC}") = "Tangram.Sql", "Tangram.Sql\Tangram.Sql.csproj", "{5CED0FE7-A7A1-41FC-80EF-C2CB2505D45A}"
EndProject
Project("{FAE04EC0-301F-11D3-BF4B-00C04F79EFBC}") = "Tangram.Mongo", "Tangram.Mongo\Tangram.Mongo.csproj", "{F67E4329-BC91-4392-A167-17FDF5D6F120}"
EndProject
Global
	GlobalSection(SolutionConfigurationPlatforms) = preSolution
		Debug|Any CPU = Debug|Any CPU
		Release|Any CPU = Release|Any CPU
	EndGlobalSection
	GlobalSection(ProjectConfigurationPlatforms) = postSolution
		{B8DE764A-C9C2-49EB-AC67-0D336089AFDC}.Debug|Any CPU.ActiveCfg = Debug|Any CPU
		{B8DE764A-C9C2-49EB-AC67-0D336089AFDC}.Debug|Any CPU.Build.0 = Debug|Any CPU
		{B8DE764A-C9C2-49EB-AC67-0D336089AFDC}.Release|Any CPU.ActiveCfg = Release|Any CPU
		{B8DE764A-C9C2-49EB-AC67-0D336089AFDC}.Release|Any CPU.Build.0 = Release|Any CPU
		{89AD5795-CF7C-456F-B47F-7ED87E5FB565}.Debug|Any CPU.ActiveCfg = Debug|Any CPU
		{89AD5795-CF7C-456F-B47F-7ED87E5FB565}.Debug|Any CPU.Build.0 = Debug|Any CPU
		{89AD5795-CF7C-456F-B47F-7ED87E5FB565}.Release|Any CPU.ActiveCfg = Release|Any CPU
		{89AD5795-CF7C-456F-B47F-7ED87E5FB565}.Release|Any CPU.Build.0 = Release|Any CPU
		{58C6CB93-1099-410A-9FD5-C2961EDF5CD5}.Debug|Any CPU.ActiveCfg = Debug|Any CPU
		{58C6CB93-1099-410A-9FD5-C2961EDF5CD5}.Debug|Any CPU.Build.0 = Debug|Any CPU
		{58C6CB93-1099-410A-9FD5-C2961EDF5CD5}.Release|Any CPU.ActiveCfg = Release|Any CPU
		{58C6CB93-1099-410A-9FD5-C2961EDF5CD5}.Release|Any CPU.Build.0 = Release|Any CPU
		{2D016C90-7C77-4D5A-BDE8-594111D719F7}.Debug|Any CPU.ActiveCfg = Debug|Any CPU
		{2D016C90-7C77-4D5A-BDE8-594111D719F7}.Debug|Any CPU.Build.0 = Debug|Any CPU
		{2D016C90-7C77-4D5A-BDE8-594111D719F7}.Release|Any CPU.ActiveCfg = Release|Any CPU
		{2D016C90-7C77-4D5A-BDE8-594111D719F7}.Release|Any CPU.Build.0 = Release|Any CPU
		{5CED0FE7-A7A1-41FC-80EF-C2CB2505D45A}.Debug|Any CPU.ActiveCfg = Debug|Any CPU
		{5CED0FE7-A7A1-41FC-80EF-C2CB2505D45A}.Debug|Any CPU.Build.0 = Debug|Any CPU
		{5CED0FE7-A7A1-41FC-80EF-C2CB2505D45A}.Release|Any CPU.ActiveCfg = Release|Any CPU
		{5CED0FE7-A7A1-41FC-80EF-C2CB2505D45A}.Release|Any CPU.Build.0 = Release|Any CPU
		{F67E4329-BC91-4392-A167-17FDF5D6F120}.Debug|Any CPU.ActiveCfg = Debug|Any CPU
		{F67E4329-BC91-4392-A167-17FDF5D6F120}.Debug|Any CPU.Build.0 = Debug|Any CPU
		{F67E4329-BC91-4392-A167-17FDF5D6F120}.Release|Any CPU.ActiveCfg = Release|Any CPU
		{F67E4329-BC91-4392-A167-17FDF5D6F120}.Release|Any CPU.Build.0 = Release|Any CPU
	EndGlobalSection
	GlobalSection(SolutionProperties) = preSolution
		HideSolutionNode = FALSE
	EndGlobalSection
	GlobalSection(NestedProjects) = preSolution
		{B8DE764A-C9C2-49EB-AC67-0D336089AFDC} = {99A3D888-ADF8-4106-99E0-C81D3744E513}
	EndGlobalSection
	GlobalSection(ExtensibilityGlobals) = postSolution
		SolutionGuid = {CD27189D-3993-469F-8DC2-5EAC37F7321C}
	EndGlobalSection
EndGlobal
